
Microsoft Visual Studio Solution File, Format Version 12.00
# Visual Studio Version 16
VisualStudioVersion = 16.0.31105.61
MinimumVisualStudioVersion = 10.0.40219.1
Project("{FAE04EC0-301F-11D3-BF4B-00C04F79EFBC}") = "RestaurantRaterWebApp", "RestaurantRaterWebApp\RestaurantRaterWebApp.csproj", "{6F5C6DEF-035B-415B-9605-6B82D170831D}"
EndProject
Global
	GlobalSection(SolutionConfigurationPlatforms) = preSolution
		Debug|Any CPU = Debug|Any CPU
		Release|Any CPU = Release|Any CPU
	EndGlobalSection
	GlobalSection(ProjectConfigurationPlatforms) = postSolution
		{6F5C6DEF-035B-415B-9605-6B82D170831D}.Debug|Any CPU.ActiveCfg = Debug|Any CPU
		{6F5C6DEF-035B-415B-9605-6B82D170831D}.Debug|Any CPU.Build.0 = Debug|Any CPU
		{6F5C6DEF-035B-415B-9605-6B82D170831D}.Release|Any CPU.ActiveCfg = Release|Any CPU
		{6F5C6DEF-035B-415B-9605-6B82D170831D}.Release|Any CPU.Build.0 = Release|Any CPU
	EndGlobalSection
	GlobalSection(SolutionProperties) = preSolution
		HideSolutionNode = FALSE
	EndGlobalSection
	GlobalSection(ExtensibilityGlobals) = postSolution
		SolutionGuid = {406EE538-922C-4841-B99F-BE72B9C53EAA}
	EndGlobalSection
EndGlobal
